
Microsoft Visual Studio Solution File, Format Version 12.00
# Visual Studio 15
VisualStudioVersion = 15.0.28307.168
MinimumVisualStudioVersion = 10.0.40219.1
Project("{FAE04EC0-301F-11D3-BF4B-00C04F79EFBC}") = "XamarinApp9Estilo.Android", "XamarinApp9Estilo\XamarinApp9Estilo.Android\XamarinApp9Estilo.Android.csproj", "{55EE0F8B-B59E-49A1-AF71-18F714C1176A}"
EndProject
Project("{FAE04EC0-301F-11D3-BF4B-00C04F79EFBC}") = "XamarinApp9Estilo.iOS", "XamarinApp9Estilo\XamarinApp9Estilo.iOS\XamarinApp9Estilo.iOS.csproj", "{B7DD2161-3AB6-4F59-8DE8-6E9F4A087647}"
EndProject
Project("{FAE04EC0-301F-11D3-BF4B-00C04F79EFBC}") = "XamarinApp9Estilo.UWP", "XamarinApp9Estilo\XamarinApp9Estilo.UWP\XamarinApp9Estilo.UWP.csproj", "{D16B0579-4812-418F-A831-9B0BA87B9203}"
EndProject
Project("{FAE04EC0-301F-11D3-BF4B-00C04F79EFBC}") = "XamarinApp9Estilo", "XamarinApp9Estilo\XamarinApp9Estilo\XamarinApp9Estilo.csproj", "{4F9E422A-05A0-4BD4-B8CD-73C107941E12}"
EndProject
Global
	GlobalSection(SolutionConfigurationPlatforms) = preSolution
		Ad-Hoc|Any CPU = Ad-Hoc|Any CPU
		Ad-Hoc|ARM = Ad-Hoc|ARM
		Ad-Hoc|iPhone = Ad-Hoc|iPhone
		Ad-Hoc|iPhoneSimulator = Ad-Hoc|iPhoneSimulator
		Ad-Hoc|x64 = Ad-Hoc|x64
		Ad-Hoc|x86 = Ad-Hoc|x86
		AppStore|Any CPU = AppStore|Any CPU
		AppStore|ARM = AppStore|ARM
		AppStore|iPhone = AppStore|iPhone
		AppStore|iPhoneSimulator = AppStore|iPhoneSimulator
		AppStore|x64 = AppStore|x64
		AppStore|x86 = AppStore|x86
		Debug|Any CPU = Debug|Any CPU
		Debug|ARM = Debug|ARM
		Debug|iPhone = Debug|iPhone
		Debug|iPhoneSimulator = Debug|iPhoneSimulator
		Debug|x64 = Debug|x64
		Debug|x86 = Debug|x86
		Release|Any CPU = Release|Any CPU
		Release|ARM = Release|ARM
		Release|iPhone = Release|iPhone
		Release|iPhoneSimulator = Release|iPhoneSimulator
		Release|x64 = Release|x64
		Release|x86 = Release|x86
	EndGlobalSection
	GlobalSection(ProjectConfigurationPlatforms) = postSolution
		{55EE0F8B-B59E-49A1-AF71-18F714C1176A}.Ad-Hoc|Any CPU.ActiveCfg = Release|Any CPU
		{55EE0F8B-B59E-49A1-AF71-18F714C1176A}.Ad-Hoc|Any CPU.Build.0 = Release|Any CPU
		{55EE0F8B-B59E-49A1-AF71-18F714C1176A}.Ad-Hoc|Any CPU.Deploy.0 = Release|Any CPU
		{55EE0F8B-B59E-49A1-AF71-18F714C1176A}.Ad-Hoc|ARM.ActiveCfg = Release|Any CPU
		{55EE0F8B-B59E-49A1-AF71-18F714C1176A}.Ad-Hoc|ARM.Build.0 = Release|Any CPU
		{55EE0F8B-B59E-49A1-AF71-18F714C1176A}.Ad-Hoc|ARM.Deploy.0 = Release|Any CPU
		{55EE0F8B-B59E-49A1-AF71-18F714C1176A}.Ad-Hoc|iPhone.ActiveCfg = Release|Any CPU
		{55EE0F8B-B59E-49A1-AF71-18F714C1176A}.Ad-Hoc|iPhone.Build.0 = Release|Any CPU
		{55EE0F8B-B59E-49A1-AF71-18F714C1176A}.Ad-Hoc|iPhone.Deploy.0 = Release|Any CPU
		{55EE0F8B-B59E-49A1-AF71-18F714C1176A}.Ad-Hoc|iPhoneSimulator.ActiveCfg = Release|Any CPU
		{55EE0F8B-B59E-49A1-AF71-18F714C1176A}.Ad-Hoc|iPhoneSimulator.Build.0 = Release|Any CPU
		{55EE0F8B-B59E-49A1-AF71-18F714C1176A}.Ad-Hoc|iPhoneSimulator.Deploy.0 = Release|Any CPU
		{55EE0F8B-B59E-49A1-AF71-18F714C1176A}.Ad-Hoc|x64.ActiveCfg = Release|Any CPU
		{55EE0F8B-B59E-49A1-AF71-18F714C1176A}.Ad-Hoc|x64.Build.0 = Release|Any CPU
		{55EE0F8B-B59E-49A1-AF71-18F714C1176A}.Ad-Hoc|x64.Deploy.0 = Release|Any CPU
		{55EE0F8B-B59E-49A1-AF71-18F714C1176A}.Ad-Hoc|x86.ActiveCfg = Release|Any CPU
		{55EE0F8B-B59E-49A1-AF71-18F714C1176A}.Ad-Hoc|x86.Build.0 = Release|Any CPU
		{55EE0F8B-B59E-49A1-AF71-18F714C1176A}.Ad-Hoc|x86.Deploy.0 = Release|Any CPU
		{55EE0F8B-B59E-49A1-AF71-18F714C1176A}.AppStore|Any CPU.ActiveCfg = Release|Any CPU
		{55EE0F8B-B59E-49A1-AF71-18F714C1176A}.AppStore|Any CPU.Build.0 = Release|Any CPU
		{55EE0F8B-B59E-49A1-AF71-18F714C1176A}.AppStore|Any CPU.Deploy.0 = Release|Any CPU
		{55EE0F8B-B59E-49A1-AF71-18F714C1176A}.AppStore|ARM.ActiveCfg = Release|Any CPU
		{55EE0F8B-B59E-49A1-AF71-18F714C1176A}.AppStore|ARM.Build.0 = Release|Any CPU
		{55EE0F8B-B59E-49A1-AF71-18F714C1176A}.AppStore|ARM.Deploy.0 = Release|Any CPU
		{55EE0F8B-B59E-49A1-AF71-18F714C1176A}.AppStore|iPhone.ActiveCfg = Release|Any CPU
		{55EE0F8B-B59E-49A1-AF71-18F714C1176A}.AppStore|iPhone.Build.0 = Release|Any CPU
		{55EE0F8B-B59E-49A1-AF71-18F714C1176A}.AppStore|iPhone.Deploy.0 = Release|Any CPU
		{55EE0F8B-B59E-49A1-AF71-18F714C1176A}.AppStore|iPhoneSimulator.ActiveCfg = Release|Any CPU
		{55EE0F8B-B59E-49A1-AF71-18F714C1176A}.AppStore|iPhoneSimulator.Build.0 = Release|Any CPU
		{55EE0F8B-B59E-49A1-AF71-18F714C1176A}.AppStore|iPhoneSimulator.Deploy.0 = Release|Any CPU
		{55EE0F8B-B59E-49A1-AF71-18F714C1176A}.AppStore|x64.ActiveCfg = Release|Any CPU
		{55EE0F8B-B59E-49A1-AF71-18F714C1176A}.AppStore|x64.Build.0 = Release|Any CPU
		{55EE0F8B-B59E-49A1-AF71-18F714C1176A}.AppStore|x64.Deploy.0 = Release|Any CPU
		{55EE0F8B-B59E-49A1-AF71-18F714C1176A}.AppStore|x86.ActiveCfg = Release|Any CPU
		{55EE0F8B-B59E-49A1-AF71-18F714C1176A}.AppStore|x86.Build.0 = Release|Any CPU
		{55EE0F8B-B59E-49A1-AF71-18F714C1176A}.AppStore|x86.Deploy.0 = Release|Any CPU
		{55EE0F8B-B59E-49A1-AF71-18F714C1176A}.Debug|Any CPU.ActiveCfg = Debug|Any CPU
		{55EE0F8B-B59E-49A1-AF71-18F714C1176A}.Debug|Any CPU.Build.0 = Debug|Any CPU
		{55EE0F8B-B59E-49A1-AF71-18F714C1176A}.Debug|Any CPU.Deploy.0 = Debug|Any CPU
		{55EE0F8B-B59E-49A1-AF71-18F714C1176A}.Debug|ARM.ActiveCfg = Debug|Any CPU
		{55EE0F8B-B59E-49A1-AF71-18F714C1176A}.Debug|ARM.Build.0 = Debug|Any CPU
		{55EE0F8B-B59E-49A1-AF71-18F714C1176A}.Debug|ARM.Deploy.0 = Debug|Any CPU
		{55EE0F8B-B59E-49A1-AF71-18F714C1176A}.Debug|iPhone.ActiveCfg = Debug|Any CPU
		{55EE0F8B-B59E-49A1-AF71-18F714C1176A}.Debug|iPhone.Build.0 = Debug|Any CPU
		{55EE0F8B-B59E-49A1-AF71-18F714C1176A}.Debug|iPhone.Deploy.0 = Debug|Any CPU
		{55EE0F8B-B59E-49A1-AF71-18F714C1176A}.Debug|iPhoneSimulator.ActiveCfg = Debug|Any CPU
		{55EE0F8B-B59E-49A1-AF71-18F714C1176A}.Debug|iPhoneSimulator.Build.0 = Debug|Any CPU
		{55EE0F8B-B59E-49A1-AF71-18F714C1176A}.Debug|iPhoneSimulator.Deploy.0 = Debug|Any CPU
		{55EE0F8B-B59E-49A1-AF71-18F714C1176A}.Debug|x64.ActiveCfg = Debug|Any CPU
		{55EE0F8B-B59E-49A1-AF71-18F714C1176A}.Debug|x64.Build.0 = Debug|Any CPU
		{55EE0F8B-B59E-49A1-AF71-18F714C1176A}.Debug|x64.Deploy.0 = Debug|Any CPU
		{55EE0F8B-B59E-49A1-AF71-18F714C1176A}.Debug|x86.ActiveCfg = Debug|Any CPU
		{55EE0F8B-B59E-49A1-AF71-18F714C1176A}.Debug|x86.Build.0 = Debug|Any CPU
		{55EE0F8B-B59E-49A1-AF71-18F714C1176A}.Debug|x86.Deploy.0 = Debug|Any CPU
		{55EE0F8B-B59E-49A1-AF71-18F714C1176A}.Release|Any CPU.ActiveCfg = Release|Any CPU
		{55EE0F8B-B59E-49A1-AF71-18F714C1176A}.Release|Any CPU.Build.0 = Release|Any CPU
		{55EE0F8B-B59E-49A1-AF71-18F714C1176A}.Release|Any CPU.Deploy.0 = Release|Any CPU
		{55EE0F8B-B59E-49A1-AF71-18F714C1176A}.Release|ARM.ActiveCfg = Release|Any CPU
		{55EE0F8B-B59E-49A1-AF71-18F714C1176A}.Release|ARM.Build.0 = Release|Any CPU
		{55EE0F8B-B59E-49A1-AF71-18F714C1176A}.Release|ARM.Deploy.0 = Release|Any CPU
		{55EE0F8B-B59E-49A1-AF71-18F714C1176A}.Release|iPhone.ActiveCfg = Release|Any CPU
		{55EE0F8B-B59E-49A1-AF71-18F714C1176A}.Release|iPhone.Build.0 = Release|Any CPU
		{55EE0F8B-B59E-49A1-AF71-18F714C1176A}.Release|iPhone.Deploy.0 = Release|Any CPU
		{55EE0F8B-B59E-49A1-AF71-18F714C1176A}.Release|iPhoneSimulator.ActiveCfg = Release|Any CPU
		{55EE0F8B-B59E-49A1-AF71-18F714C1176A}.Release|iPhoneSimulator.Build.0 = Release|Any CPU
		{55EE0F8B-B59E-49A1-AF71-18F714C1176A}.Release|iPhoneSimulator.Deploy.0 = Release|Any CPU
		{55EE0F8B-B59E-49A1-AF71-18F714C1176A}.Release|x64.ActiveCfg = Release|Any CPU
		{55EE0F8B-B59E-49A1-AF71-18F714C1176A}.Release|x64.Build.0 = Release|Any CPU
		{55EE0F8B-B59E-49A1-AF71-18F714C1176A}.Release|x64.Deploy.0 = Release|Any CPU
		{55EE0F8B-B59E-49A1-AF71-18F714C1176A}.Release|x86.ActiveCfg = Release|Any CPU
		{55EE0F8B-B59E-49A1-AF71-18F714C1176A}.Release|x86.Build.0 = Release|Any CPU
		{55EE0F8B-B59E-49A1-AF71-18F714C1176A}.Release|x86.Deploy.0 = Release|Any CPU
		{B7DD2161-3AB6-4F59-8DE8-6E9F4A087647}.Ad-Hoc|Any CPU.ActiveCfg = Ad-Hoc|iPhone
		{B7DD2161-3AB6-4F59-8DE8-6E9F4A087647}.Ad-Hoc|Any CPU.Build.0 = Ad-Hoc|iPhone
		{B7DD2161-3AB6-4F59-8DE8-6E9F4A087647}.Ad-Hoc|Any CPU.Deploy.0 = Ad-Hoc|iPhone
		{B7DD2161-3AB6-4F59-8DE8-6E9F4A087647}.Ad-Hoc|ARM.ActiveCfg = Ad-Hoc|iPhone
		{B7DD2161-3AB6-4F59-8DE8-6E9F4A087647}.Ad-Hoc|ARM.Build.0 = Ad-Hoc|iPhone
		{B7DD2161-3AB6-4F59-8DE8-6E9F4A087647}.Ad-Hoc|ARM.Deploy.0 = Ad-Hoc|iPhone
		{B7DD2161-3AB6-4F59-8DE8-6E9F4A087647}.Ad-Hoc|iPhone.ActiveCfg = Ad-Hoc|iPhone
		{B7DD2161-3AB6-4F59-8DE8-6E9F4A087647}.Ad-Hoc|iPhone.Build.0 = Ad-Hoc|iPhone
		{B7DD2161-3AB6-4F59-8DE8-6E9F4A087647}.Ad-Hoc|iPhone.Deploy.0 = Ad-Hoc|iPhone
		{B7DD2161-3AB6-4F59-8DE8-6E9F4A087647}.Ad-Hoc|iPhoneSimulator.ActiveCfg = Ad-Hoc|iPhoneSimulator
		{B7DD2161-3AB6-4F59-8DE8-6E9F4A087647}.Ad-Hoc|iPhoneSimulator.Build.0 = Ad-Hoc|iPhoneSimulator
		{B7DD2161-3AB6-4F59-8DE8-6E9F4A087647}.Ad-Hoc|iPhoneSimulator.Deploy.0 = Ad-Hoc|iPhoneSimulator
		{B7DD2161-3AB6-4F59-8DE8-6E9F4A087647}.Ad-Hoc|x64.ActiveCfg = Ad-Hoc|iPhone
		{B7DD2161-3AB6-4F59-8DE8-6E9F4A087647}.Ad-Hoc|x64.Build.0 = Ad-Hoc|iPhone
		{B7DD2161-3AB6-4F59-8DE8-6E9F4A087647}.Ad-Hoc|x64.Deploy.0 = Ad-Hoc|iPhone
		{B7DD2161-3AB6-4F59-8DE8-6E9F4A087647}.Ad-Hoc|x86.ActiveCfg = Ad-Hoc|iPhone
		{B7DD2161-3AB6-4F59-8DE8-6E9F4A087647}.Ad-Hoc|x86.Build.0 = Ad-Hoc|iPhone
		{B7DD2161-3AB6-4F59-8DE8-6E9F4A087647}.Ad-Hoc|x86.Deploy.0 = Ad-Hoc|iPhone
		{B7DD2161-3AB6-4F59-8DE8-6E9F4A087647}.AppStore|Any CPU.ActiveCfg = AppStore|iPhone
		{B7DD2161-3AB6-4F59-8DE8-6E9F4A087647}.AppStore|Any CPU.Build.0 = AppStore|iPhone
		{B7DD2161-3AB6-4F59-8DE8-6E9F4A087647}.AppStore|Any CPU.Deploy.0 = AppStore|iPhone
		{B7DD2161-3AB6-4F59-8DE8-6E9F4A087647}.AppStore|ARM.ActiveCfg = AppStore|iPhone
		{B7DD2161-3AB6-4F59-8DE8-6E9F4A087647}.AppStore|ARM.Build.0 = AppStore|iPhone
		{B7DD2161-3AB6-4F59-8DE8-6E9F4A087647}.AppStore|ARM.Deploy.0 = AppStore|iPhone
		{B7DD2161-3AB6-4F59-8DE8-6E9F4A087647}.AppStore|iPhone.ActiveCfg = AppStore|iPhone
		{B7DD2161-3AB6-4F59-8DE8-6E9F4A087647}.AppStore|iPhone.Build.0 = AppStore|iPhone
		{B7DD2161-3AB6-4F59-8DE8-6E9F4A087647}.AppStore|iPhone.Deploy.0 = AppStore|iPhone
		{B7DD2161-3AB6-4F59-8DE8-6E9F4A087647}.AppStore|iPhoneSimulator.ActiveCfg = AppStore|iPhoneSimulator
		{B7DD2161-3AB6-4F59-8DE8-6E9F4A087647}.AppStore|iPhoneSimulator.Build.0 = AppStore|iPhoneSimulator
		{B7DD2161-3AB6-4F59-8DE8-6E9F4A087647}.AppStore|iPhoneSimulator.Deploy.0 = AppStore|iPhoneSimulator
		{B7DD2161-3AB6-4F59-8DE8-6E9F4A087647}.AppStore|x64.ActiveCfg = AppStore|iPhone
		{B7DD2161-3AB6-4F59-8DE8-6E9F4A087647}.AppStore|x64.Build.0 = AppStore|iPhone
		{B7DD2161-3AB6-4F59-8DE8-6E9F4A087647}.AppStore|x64.Deploy.0 = AppStore|iPhone
		{B7DD2161-3AB6-4F59-8DE8-6E9F4A087647}.AppStore|x86.ActiveCfg = AppStore|iPhone
		{B7DD2161-3AB6-4F59-8DE8-6E9F4A087647}.AppStore|x86.Build.0 = AppStore|iPhone
		{B7DD2161-3AB6-4F59-8DE8-6E9F4A087647}.AppStore|x86.Deploy.0 = AppStore|iPhone
		{B7DD2161-3AB6-4F59-8DE8-6E9F4A087647}.Debug|Any CPU.ActiveCfg = Debug|iPhoneSimulator
		{B7DD2161-3AB6-4F59-8DE8-6E9F4A087647}.Debug|Any CPU.Build.0 = Debug|iPhoneSimulator
		{B7DD2161-3AB6-4F59-8DE8-6E9F4A087647}.Debug|Any CPU.Deploy.0 = Debug|iPhoneSimulator
		{B7DD2161-3AB6-4F59-8DE8-6E9F4A087647}.Debug|ARM.ActiveCfg = Debug|iPhone
		{B7DD2161-3AB6-4F59-8DE8-6E9F4A087647}.Debug|ARM.Build.0 = Debug|iPhone
		{B7DD2161-3AB6-4F59-8DE8-6E9F4A087647}.Debug|ARM.Deploy.0 = Debug|iPhone
		{B7DD2161-3AB6-4F59-8DE8-6E9F4A087647}.Debug|iPhone.ActiveCfg = Debug|iPhone
		{B7DD2161-3AB6-4F59-8DE8-6E9F4A087647}.Debug|iPhone.Build.0 = Debug|iPhone
		{B7DD2161-3AB6-4F59-8DE8-6E9F4A087647}.Debug|iPhone.Deploy.0 = Debug|iPhone
		{B7DD2161-3AB6-4F59-8DE8-6E9F4A087647}.Debug|iPhoneSimulator.ActiveCfg = Debug|iPhoneSimulator
		{B7DD2161-3AB6-4F59-8DE8-6E9F4A087647}.Debug|iPhoneSimulator.Build.0 = Debug|iPhoneSimulator
		{B7DD2161-3AB6-4F59-8DE8-6E9F4A087647}.Debug|iPhoneSimulator.Deploy.0 = Debug|iPhoneSimulator
		{B7DD2161-3AB6-4F59-8DE8-6E9F4A087647}.Debug|x64.ActiveCfg = Debug|iPhone
		{B7DD2161-3AB6-4F59-8DE8-6E9F4A087647}.Debug|x64.Build.0 = Debug|iPhone
		{B7DD2161-3AB6-4F59-8DE8-6E9F4A087647}.Debug|x64.Deploy.0 = Debug|iPhone
		{B7DD2161-3AB6-4F59-8DE8-6E9F4A087647}.Debug|x86.ActiveCfg = Debug|iPhone
		{B7DD2161-3AB6-4F59-8DE8-6E9F4A087647}.Debug|x86.Build.0 = Debug|iPhone
		{B7DD2161-3AB6-4F59-8DE8-6E9F4A087647}.Debug|x86.Deploy.0 = Debug|iPhone
		{B7DD2161-3AB6-4F59-8DE8-6E9F4A087647}.Release|Any CPU.ActiveCfg = Release|iPhone
		{B7DD2161-3AB6-4F59-8DE8-6E9F4A087647}.Release|Any CPU.Build.0 = Release|iPhone
		{B7DD2161-3AB6-4F59-8DE8-6E9F4A087647}.Release|Any CPU.Deploy.0 = Release|iPhone
		{B7DD2161-3AB6-4F59-8DE8-6E9F4A087647}.Release|ARM.ActiveCfg = Release|iPhone
		{B7DD2161-3AB6-4F59-8DE8-6E9F4A087647}.Release|ARM.Build.0 = Release|iPhone
		{B7DD2161-3AB6-4F59-8DE8-6E9F4A087647}.Release|ARM.Deploy.0 = Release|iPhone
		{B7DD2161-3AB6-4F59-8DE8-6E9F4A087647}.Release|iPhone.ActiveCfg = Release|iPhone
		{B7DD2161-3AB6-4F59-8DE8-6E9F4A087647}.Release|iPhone.Build.0 = Release|iPhone
		{B7DD2161-3AB6-4F59-8DE8-6E9F4A087647}.Release|iPhone.Deploy.0 = Release|iPhone
		{B7DD2161-3AB6-4F59-8DE8-6E9F4A087647}.Release|iPhoneSimulator.ActiveCfg = Release|iPhoneSimulator
		{B7DD2161-3AB6-4F59-8DE8-6E9F4A087647}.Release|iPhoneSimulator.Build.0 = Release|iPhoneSimulator
		{B7DD2161-3AB6-4F59-8DE8-6E9F4A087647}.Release|iPhoneSimulator.Deploy.0 = Release|iPhoneSimulator
		{B7DD2161-3AB6-4F59-8DE8-6E9F4A087647}.Release|x64.ActiveCfg = Release|iPhone
		{B7DD2161-3AB6-4F59-8DE8-6E9F4A087647}.Release|x64.Build.0 = Release|iPhone
		{B7DD2161-3AB6-4F59-8DE8-6E9F4A087647}.Release|x64.Deploy.0 = Release|iPhone
		{B7DD2161-3AB6-4F59-8DE8-6E9F4A087647}.Release|x86.ActiveCfg = Release|iPhone
		{B7DD2161-3AB6-4F59-8DE8-6E9F4A087647}.Release|x86.Build.0 = Release|iPhone
		{B7DD2161-3AB6-4F59-8DE8-6E9F4A087647}.Release|x86.Deploy.0 = Release|iPhone
		{D16B0579-4812-418F-A831-9B0BA87B9203}.Ad-Hoc|Any CPU.ActiveCfg = Release|x86
		{D16B0579-4812-418F-A831-9B0BA87B9203}.Ad-Hoc|Any CPU.Build.0 = Release|x86
		{D16B0579-4812-418F-A831-9B0BA87B9203}.Ad-Hoc|Any CPU.Deploy.0 = Release|x86
		{D16B0579-4812-418F-A831-9B0BA87B9203}.Ad-Hoc|ARM.ActiveCfg = Release|ARM
		{D16B0579-4812-418F-A831-9B0BA87B9203}.Ad-Hoc|ARM.Build.0 = Release|ARM
		{D16B0579-4812-418F-A831-9B0BA87B9203}.Ad-Hoc|ARM.Deploy.0 = Release|ARM
		{D16B0579-4812-418F-A831-9B0BA87B9203}.Ad-Hoc|iPhone.ActiveCfg = Release|x86
		{D16B0579-4812-418F-A831-9B0BA87B9203}.Ad-Hoc|iPhone.Build.0 = Release|x86
		{D16B0579-4812-418F-A831-9B0BA87B9203}.Ad-Hoc|iPhone.Deploy.0 = Release|x86
		{D16B0579-4812-418F-A831-9B0BA87B9203}.Ad-Hoc|iPhoneSimulator.ActiveCfg = Release|x86
		{D16B0579-4812-418F-A831-9B0BA87B9203}.Ad-Hoc|iPhoneSimulator.Build.0 = Release|x86
		{D16B0579-4812-418F-A831-9B0BA87B9203}.Ad-Hoc|iPhoneSimulator.Deploy.0 = Release|x86
		{D16B0579-4812-418F-A831-9B0BA87B9203}.Ad-Hoc|x64.ActiveCfg = Release|x64
		{D16B0579-4812-418F-A831-9B0BA87B9203}.Ad-Hoc|x64.Build.0 = Release|x64
		{D16B0579-4812-418F-A831-9B0BA87B9203}.Ad-Hoc|x64.Deploy.0 = Release|x64
		{D16B0579-4812-418F-A831-9B0BA87B9203}.Ad-Hoc|x86.ActiveCfg = Release|x86
		{D16B0579-4812-418F-A831-9B0BA87B9203}.Ad-Hoc|x86.Build.0 = Release|x86
		{D16B0579-4812-418F-A831-9B0BA87B9203}.Ad-Hoc|x86.Deploy.0 = Release|x86
		{D16B0579-4812-418F-A831-9B0BA87B9203}.AppStore|Any CPU.ActiveCfg = Release|x86
		{D16B0579-4812-418F-A831-9B0BA87B9203}.AppStore|Any CPU.Build.0 = Release|x86
		{D16B0579-4812-418F-A831-9B0BA87B9203}.AppStore|Any CPU.Deploy.0 = Release|x86
		{D16B0579-4812-418F-A831-9B0BA87B9203}.AppStore|ARM.ActiveCfg = Release|ARM
		{D16B0579-4812-418F-A831-9B0BA87B9203}.AppStore|ARM.Build.0 = Release|ARM
		{D16B0579-4812-418F-A831-9B0BA87B9203}.AppStore|ARM.Deploy.0 = Release|ARM
		{D16B0579-4812-418F-A831-9B0BA87B9203}.AppStore|iPhone.ActiveCfg = Release|x86
		{D16B0579-4812-418F-A831-9B0BA87B9203}.AppStore|iPhone.Build.0 = Release|x86
		{D16B0579-4812-418F-A831-9B0BA87B9203}.AppStore|iPhone.Deploy.0 = Release|x86
		{D16B0579-4812-418F-A831-9B0BA87B9203}.AppStore|iPhoneSimulator.ActiveCfg = Release|x86
		{D16B0579-4812-418F-A831-9B0BA87B9203}.AppStore|iPhoneSimulator.Build.0 = Release|x86
		{D16B0579-4812-418F-A831-9B0BA87B9203}.AppStore|iPhoneSimulator.Deploy.0 = Release|x86
		{D16B0579-4812-418F-A831-9B0BA87B9203}.AppStore|x64.ActiveCfg = Release|x64
		{D16B0579-4812-418F-A831-9B0BA87B9203}.AppStore|x64.Build.0 = Release|x64
		{D16B0579-4812-418F-A831-9B0BA87B9203}.AppStore|x64.Deploy.0 = Release|x64
		{D16B0579-4812-418F-A831-9B0BA87B9203}.AppStore|x86.ActiveCfg = Release|x86
		{D16B0579-4812-418F-A831-9B0BA87B9203}.AppStore|x86.Build.0 = Release|x86
		{D16B0579-4812-418F-A831-9B0BA87B9203}.AppStore|x86.Deploy.0 = Release|x86
		{D16B0579-4812-418F-A831-9B0BA87B9203}.Debug|Any CPU.ActiveCfg = Debug|x86
		{D16B0579-4812-418F-A831-9B0BA87B9203}.Debug|Any CPU.Build.0 = Debug|x86
		{D16B0579-4812-418F-A831-9B0BA87B9203}.Debug|Any CPU.Deploy.0 = Debug|x86
		{D16B0579-4812-418F-A831-9B0BA87B9203}.Debug|ARM.ActiveCfg = Debug|ARM
		{D16B0579-4812-418F-A831-9B0BA87B9203}.Debug|ARM.Build.0 = Debug|ARM
		{D16B0579-4812-418F-A831-9B0BA87B9203}.Debug|ARM.Deploy.0 = Debug|ARM
		{D16B0579-4812-418F-A831-9B0BA87B9203}.Debug|iPhone.ActiveCfg = Debug|x86
		{D16B0579-4812-418F-A831-9B0BA87B9203}.Debug|iPhone.Build.0 = Debug|x86
		{D16B0579-4812-418F-A831-9B0BA87B9203}.Debug|iPhone.Deploy.0 = Debug|x86
		{D16B0579-4812-418F-A831-9B0BA87B9203}.Debug|iPhoneSimulator.ActiveCfg = Debug|x86
		{D16B0579-4812-418F-A831-9B0BA87B9203}.Debug|iPhoneSimulator.Build.0 = Debug|x86
		{D16B0579-4812-418F-A831-9B0BA87B9203}.Debug|iPhoneSimulator.Deploy.0 = Debug|x86
		{D16B0579-4812-418F-A831-9B0BA87B9203}.Debug|x64.ActiveCfg = Debug|x64
		{D16B0579-4812-418F-A831-9B0BA87B9203}.Debug|x64.Build.0 = Debug|x64
		{D16B0579-4812-418F-A831-9B0BA87B9203}.Debug|x64.Deploy.0 = Debug|x64
		{D16B0579-4812-418F-A831-9B0BA87B9203}.Debug|x86.ActiveCfg = Debug|x86
		{D16B0579-4812-418F-A831-9B0BA87B9203}.Debug|x86.Build.0 = Debug|x86
		{D16B0579-4812-418F-A831-9B0BA87B9203}.Debug|x86.Deploy.0 = Debug|x86
		{D16B0579-4812-418F-A831-9B0BA87B9203}.Release|Any CPU.ActiveCfg = Release|x86
		{D16B0579-4812-418F-A831-9B0BA87B9203}.Release|Any CPU.Build.0 = Release|x86
		{D16B0579-4812-418F-A831-9B0BA87B9203}.Release|Any CPU.Deploy.0 = Release|x86
		{D16B0579-4812-418F-A831-9B0BA87B9203}.Release|ARM.ActiveCfg = Release|ARM
		{D16B0579-4812-418F-A831-9B0BA87B9203}.Release|ARM.Build.0 = Release|ARM
		{D16B0579-4812-418F-A831-9B0BA87B9203}.Release|ARM.Deploy.0 = Release|ARM
		{D16B0579-4812-418F-A831-9B0BA87B9203}.Release|iPhone.ActiveCfg = Release|x86
		{D16B0579-4812-418F-A831-9B0BA87B9203}.Release|iPhone.Build.0 = Release|x86
		{D16B0579-4812-418F-A831-9B0BA87B9203}.Release|iPhone.Deploy.0 = Release|x86
		{D16B0579-4812-418F-A831-9B0BA87B9203}.Release|iPhoneSimulator.ActiveCfg = Release|x86
		{D16B0579-4812-418F-A831-9B0BA87B9203}.Release|iPhoneSimulator.Build.0 = Release|x86
		{D16B0579-4812-418F-A831-9B0BA87B9203}.Release|iPhoneSimulator.Deploy.0 = Release|x86
		{D16B0579-4812-418F-A831-9B0BA87B9203}.Release|x64.ActiveCfg = Release|x64
		{D16B0579-4812-418F-A831-9B0BA87B9203}.Release|x64.Build.0 = Release|x64
		{D16B0579-4812-418F-A831-9B0BA87B9203}.Release|x64.Deploy.0 = Release|x64
		{D16B0579-4812-418F-A831-9B0BA87B9203}.Release|x86.ActiveCfg = Release|x86
		{D16B0579-4812-418F-A831-9B0BA87B9203}.Release|x86.Build.0 = Release|x86
		{D16B0579-4812-418F-A831-9B0BA87B9203}.Release|x86.Deploy.0 = Release|x86
		{4F9E422A-05A0-4BD4-B8CD-73C107941E12}.Ad-Hoc|Any CPU.ActiveCfg = Debug|Any CPU
		{4F9E422A-05A0-4BD4-B8CD-73C107941E12}.Ad-Hoc|Any CPU.Build.0 = Debug|Any CPU
		{4F9E422A-05A0-4BD4-B8CD-73C107941E12}.Ad-Hoc|Any CPU.Deploy.0 = Debug|Any CPU
		{4F9E422A-05A0-4BD4-B8CD-73C107941E12}.Ad-Hoc|ARM.ActiveCfg = Debug|Any CPU
		{4F9E422A-05A0-4BD4-B8CD-73C107941E12}.Ad-Hoc|ARM.Build.0 = Debug|Any CPU
		{4F9E422A-05A0-4BD4-B8CD-73C107941E12}.Ad-Hoc|ARM.Deploy.0 = Debug|Any CPU
		{4F9E422A-05A0-4BD4-B8CD-73C107941E12}.Ad-Hoc|iPhone.ActiveCfg = Debug|Any CPU
		{4F9E422A-05A0-4BD4-B8CD-73C107941E12}.Ad-Hoc|iPhone.Build.0 = Debug|Any CPU
		{4F9E422A-05A0-4BD4-B8CD-73C107941E12}.Ad-Hoc|iPhone.Deploy.0 = Debug|Any CPU
		{4F9E422A-05A0-4BD4-B8CD-73C107941E12}.Ad-Hoc|iPhoneSimulator.ActiveCfg = Debug|Any CPU
		{4F9E422A-05A0-4BD4-B8CD-73C107941E12}.Ad-Hoc|iPhoneSimulator.Build.0 = Debug|Any CPU
		{4F9E422A-05A0-4BD4-B8CD-73C107941E12}.Ad-Hoc|iPhoneSimulator.Deploy.0 = Debug|Any CPU
		{4F9E422A-05A0-4BD4-B8CD-73C107941E12}.Ad-Hoc|x64.ActiveCfg = Debug|Any CPU
		{4F9E422A-05A0-4BD4-B8CD-73C107941E12}.Ad-Hoc|x64.Build.0 = Debug|Any CPU
		{4F9E422A-05A0-4BD4-B8CD-73C107941E12}.Ad-Hoc|x64.Deploy.0 = Debug|Any CPU
		{4F9E422A-05A0-4BD4-B8CD-73C107941E12}.Ad-Hoc|x86.ActiveCfg = Debug|Any CPU
		{4F9E422A-05A0-4BD4-B8CD-73C107941E12}.Ad-Hoc|x86.Build.0 = Debug|Any CPU
		{4F9E422A-05A0-4BD4-B8CD-73C107941E12}.Ad-Hoc|x86.Deploy.0 = Debug|Any CPU
		{4F9E422A-05A0-4BD4-B8CD-73C107941E12}.AppStore|Any CPU.ActiveCfg = Debug|Any CPU
		{4F9E422A-05A0-4BD4-B8CD-73C107941E12}.AppStore|Any CPU.Build.0 = Debug|Any CPU
		{4F9E422A-05A0-4BD4-B8CD-73C107941E12}.AppStore|Any CPU.Deploy.0 = Debug|Any CPU
		{4F9E422A-05A0-4BD4-B8CD-73C107941E12}.AppStore|ARM.ActiveCfg = Debug|Any CPU
		{4F9E422A-05A0-4BD4-B8CD-73C107941E12}.AppStore|ARM.Build.0 = Debug|Any CPU
		{4F9E422A-05A0-4BD4-B8CD-73C107941E12}.AppStore|ARM.Deploy.0 = Debug|Any CPU
		{4F9E422A-05A0-4BD4-B8CD-73C107941E12}.AppStore|iPhone.ActiveCfg = Debug|Any CPU
		{4F9E422A-05A0-4BD4-B8CD-73C107941E12}.AppStore|iPhone.Build.0 = Debug|Any CPU
		{4F9E422A-05A0-4BD4-B8CD-73C107941E12}.AppStore|iPhone.Deploy.0 = Debug|Any CPU
		{4F9E422A-05A0-4BD4-B8CD-73C107941E12}.AppStore|iPhoneSimulator.ActiveCfg = Debug|Any CPU
		{4F9E422A-05A0-4BD4-B8CD-73C107941E12}.AppStore|iPhoneSimulator.Build.0 = Debug|Any CPU
		{4F9E422A-05A0-4BD4-B8CD-73C107941E12}.AppStore|iPhoneSimulator.Deploy.0 = Debug|Any CPU
		{4F9E422A-05A0-4BD4-B8CD-73C107941E12}.AppStore|x64.ActiveCfg = Debug|Any CPU
		{4F9E422A-05A0-4BD4-B8CD-73C107941E12}.AppStore|x64.Build.0 = Debug|Any CPU
		{4F9E422A-05A0-4BD4-B8CD-73C107941E12}.AppStore|x64.Deploy.0 = Debug|Any CPU
		{4F9E422A-05A0-4BD4-B8CD-73C107941E12}.AppStore|x86.ActiveCfg = Debug|Any CPU
		{4F9E422A-05A0-4BD4-B8CD-73C107941E12}.AppStore|x86.Build.0 = Debug|Any CPU
		{4F9E422A-05A0-4BD4-B8CD-73C107941E12}.AppStore|x86.Deploy.0 = Debug|Any CPU
		{4F9E422A-05A0-4BD4-B8CD-73C107941E12}.Debug|Any CPU.ActiveCfg = Debug|Any CPU
		{4F9E422A-05A0-4BD4-B8CD-73C107941E12}.Debug|Any CPU.Build.0 = Debug|Any CPU
		{4F9E422A-05A0-4BD4-B8CD-73C107941E12}.Debug|Any CPU.Deploy.0 = Debug|Any CPU
		{4F9E422A-05A0-4BD4-B8CD-73C107941E12}.Debug|ARM.ActiveCfg = Debug|Any CPU
		{4F9E422A-05A0-4BD4-B8CD-73C107941E12}.Debug|ARM.Build.0 = Debug|Any CPU
		{4F9E422A-05A0-4BD4-B8CD-73C107941E12}.Debug|ARM.Deploy.0 = Debug|Any CPU
		{4F9E422A-05A0-4BD4-B8CD-73C107941E12}.Debug|iPhone.ActiveCfg = Debug|Any CPU
		{4F9E422A-05A0-4BD4-B8CD-73C107941E12}.Debug|iPhone.Build.0 = Debug|Any CPU
		{4F9E422A-05A0-4BD4-B8CD-73C107941E12}.Debug|iPhone.Deploy.0 = Debug|Any CPU
		{4F9E422A-05A0-4BD4-B8CD-73C107941E12}.Debug|iPhoneSimulator.ActiveCfg = Debug|Any CPU
		{4F9E422A-05A0-4BD4-B8CD-73C107941E12}.Debug|iPhoneSimulator.Build.0 = Debug|Any CPU
		{4F9E422A-05A0-4BD4-B8CD-73C107941E12}.Debug|iPhoneSimulator.Deploy.0 = Debug|Any CPU
		{4F9E422A-05A0-4BD4-B8CD-73C107941E12}.Debug|x64.ActiveCfg = Debug|Any CPU
		{4F9E422A-05A0-4BD4-B8CD-73C107941E12}.Debug|x64.Build.0 = Debug|Any CPU
		{4F9E422A-05A0-4BD4-B8CD-73C107941E12}.Debug|x64.Deploy.0 = Debug|Any CPU
		{4F9E422A-05A0-4BD4-B8CD-73C107941E12}.Debug|x86.ActiveCfg = Debug|Any CPU
		{4F9E422A-05A0-4BD4-B8CD-73C107941E12}.Debug|x86.Build.0 = Debug|Any CPU
		{4F9E422A-05A0-4BD4-B8CD-73C107941E12}.Debug|x86.Deploy.0 = Debug|Any CPU
		{4F9E422A-05A0-4BD4-B8CD-73C107941E12}.Release|Any CPU.ActiveCfg = Release|Any CPU
		{4F9E422A-05A0-4BD4-B8CD-73C107941E12}.Release|Any CPU.Build.0 = Release|Any CPU
		{4F9E422A-05A0-4BD4-B8CD-73C107941E12}.Release|Any CPU.Deploy.0 = Release|Any CPU
		{4F9E422A-05A0-4BD4-B8CD-73C107941E12}.Release|ARM.ActiveCfg = Release|Any CPU
		{4F9E422A-05A0-4BD4-B8CD-73C107941E12}.Release|ARM.Build.0 = Release|Any CPU
		{4F9E422A-05A0-4BD4-B8CD-73C107941E12}.Release|ARM.Deploy.0 = Release|Any CPU
		{4F9E422A-05A0-4BD4-B8CD-73C107941E12}.Release|iPhone.ActiveCfg = Release|Any CPU
		{4F9E422A-05A0-4BD4-B8CD-73C107941E12}.Release|iPhone.Build.0 = Release|Any CPU
		{4F9E422A-05A0-4BD4-B8CD-73C107941E12}.Release|iPhone.Deploy.0 = Release|Any CPU
		{4F9E422A-05A0-4BD4-B8CD-73C107941E12}.Release|iPhoneSimulator.ActiveCfg = Release|Any CPU
		{4F9E422A-05A0-4BD4-B8CD-73C107941E12}.Release|iPhoneSimulator.Build.0 = Release|Any CPU
		{4F9E422A-05A0-4BD4-B8CD-73C107941E12}.Release|iPhoneSimulator.Deploy.0 = Release|Any CPU
		{4F9E422A-05A0-4BD4-B8CD-73C107941E12}.Release|x64.ActiveCfg = Release|Any CPU
		{4F9E422A-05A0-4BD4-B8CD-73C107941E12}.Release|x64.Build.0 = Release|Any CPU
		{4F9E422A-05A0-4BD4-B8CD-73C107941E12}.Release|x64.Deploy.0 = Release|Any CPU
		{4F9E422A-05A0-4BD4-B8CD-73C107941E12}.Release|x86.ActiveCfg = Release|Any CPU
		{4F9E422A-05A0-4BD4-B8CD-73C107941E12}.Release|x86.Build.0 = Release|Any CPU
		{4F9E422A-05A0-4BD4-B8CD-73C107941E12}.Release|x86.Deploy.0 = Release|Any CPU
	EndGlobalSection
	GlobalSection(SolutionProperties) = preSolution
		HideSolutionNode = FALSE
	EndGlobalSection
	GlobalSection(ExtensibilityGlobals) = postSolution
		SolutionGuid = {BFB9590F-348D-482D-9A02-7B0E92CFA0D7}
	EndGlobalSection
EndGlobal
